
Microsoft Visual Studio Solution File, Format Version 12.00
Project("{FAE04EC0-301F-11D3-BF4B-00C04F79EFBC}") = "AMochika.Application", "AMochika.Application\AMochika.Application.csproj", "{FBBBD7E3-6C60-433E-9F91-C313719E025C}"
EndProject
Project("{FAE04EC0-301F-11D3-BF4B-00C04F79EFBC}") = "AMochika.Core", "AMochika.Core\AMochika.Core.csproj", "{3109FFD4-4F6E-4306-B7FD-F16EB99760A7}"
EndProject
Project("{FAE04EC0-301F-11D3-BF4B-00C04F79EFBC}") = "AMochika.Infrastructure", "AMochika.Infrastructure\AMochika.Infrastructure.csproj", "{93C17850-DE0F-4560-A4AA-9B31F184A260}"
EndProject
Project("{FAE04EC0-301F-11D3-BF4B-00C04F79EFBC}") = "AMochika.Presentation", "AMochika.Presentation\AMochika.Presentation.csproj", "{7A7E9957-4D63-4F55-98DA-34DC3291A3BF}"
EndProject
Project("{FAE04EC0-301F-11D3-BF4B-00C04F79EFBC}") = "AMochika.Test", "AMochika.Test\AMochika.Test.csproj", "{71DE31D1-4262-437D-8EAD-8B415577D9F3}"
EndProject
Project("{2150E333-8FDC-42A3-9474-1A3956D46DE8}") = "back", "back", "{49F4E733-CB61-49BA-9ED1-3B38C59D9C17}"
EndProject
Project("{2150E333-8FDC-42A3-9474-1A3956D46DE8}") = "front", "front", "{314DFD73-D064-4537-830C-C4440DD174C0}"
EndProject
Global
	GlobalSection(SolutionConfigurationPlatforms) = preSolution
		Debug|Any CPU = Debug|Any CPU
		Release|Any CPU = Release|Any CPU
	EndGlobalSection
	GlobalSection(ProjectConfigurationPlatforms) = postSolution
		{FBBBD7E3-6C60-433E-9F91-C313719E025C}.Debug|Any CPU.ActiveCfg = Debug|Any CPU
		{FBBBD7E3-6C60-433E-9F91-C313719E025C}.Debug|Any CPU.Build.0 = Debug|Any CPU
		{FBBBD7E3-6C60-433E-9F91-C313719E025C}.Release|Any CPU.ActiveCfg = Release|Any CPU
		{FBBBD7E3-6C60-433E-9F91-C313719E025C}.Release|Any CPU.Build.0 = Release|Any CPU
		{3109FFD4-4F6E-4306-B7FD-F16EB99760A7}.Debug|Any CPU.ActiveCfg = Debug|Any CPU
		{3109FFD4-4F6E-4306-B7FD-F16EB99760A7}.Debug|Any CPU.Build.0 = Debug|Any CPU
		{3109FFD4-4F6E-4306-B7FD-F16EB99760A7}.Release|Any CPU.ActiveCfg = Release|Any CPU
		{3109FFD4-4F6E-4306-B7FD-F16EB99760A7}.Release|Any CPU.Build.0 = Release|Any CPU
		{93C17850-DE0F-4560-A4AA-9B31F184A260}.Debug|Any CPU.ActiveCfg = Debug|Any CPU
		{93C17850-DE0F-4560-A4AA-9B31F184A260}.Debug|Any CPU.Build.0 = Debug|Any CPU
		{93C17850-DE0F-4560-A4AA-9B31F184A260}.Release|Any CPU.ActiveCfg = Release|Any CPU
		{93C17850-DE0F-4560-A4AA-9B31F184A260}.Release|Any CPU.Build.0 = Release|Any CPU
		{7A7E9957-4D63-4F55-98DA-34DC3291A3BF}.Debug|Any CPU.ActiveCfg = Debug|Any CPU
		{7A7E9957-4D63-4F55-98DA-34DC3291A3BF}.Debug|Any CPU.Build.0 = Debug|Any CPU
		{7A7E9957-4D63-4F55-98DA-34DC3291A3BF}.Release|Any CPU.ActiveCfg = Release|Any CPU
		{7A7E9957-4D63-4F55-98DA-34DC3291A3BF}.Release|Any CPU.Build.0 = Release|Any CPU
		{71DE31D1-4262-437D-8EAD-8B415577D9F3}.Debug|Any CPU.ActiveCfg = Debug|Any CPU
		{71DE31D1-4262-437D-8EAD-8B415577D9F3}.Debug|Any CPU.Build.0 = Debug|Any CPU
		{71DE31D1-4262-437D-8EAD-8B415577D9F3}.Release|Any CPU.ActiveCfg = Release|Any CPU
		{71DE31D1-4262-437D-8EAD-8B415577D9F3}.Release|Any CPU.Build.0 = Release|Any CPU
	EndGlobalSection
	GlobalSection(NestedProjects) = preSolution
		{FBBBD7E3-6C60-433E-9F91-C313719E025C} = {49F4E733-CB61-49BA-9ED1-3B38C59D9C17}
		{3109FFD4-4F6E-4306-B7FD-F16EB99760A7} = {49F4E733-CB61-49BA-9ED1-3B38C59D9C17}
		{93C17850-DE0F-4560-A4AA-9B31F184A260} = {49F4E733-CB61-49BA-9ED1-3B38C59D9C17}
		{7A7E9957-4D63-4F55-98DA-34DC3291A3BF} = {49F4E733-CB61-49BA-9ED1-3B38C59D9C17}
		{71DE31D1-4262-437D-8EAD-8B415577D9F3} = {49F4E733-CB61-49BA-9ED1-3B38C59D9C17}
	EndGlobalSection
EndGlobal
